
Microsoft Visual Studio Solution File, Format Version 12.00
# Visual Studio Version 16
VisualStudioVersion = 16.0.31727.386
MinimumVisualStudioVersion = 10.0.40219.1
Project("{FAE04EC0-301F-11D3-BF4B-00C04F79EFBC}") = "Video Store Web App", "Video Store Web App.csproj", "{38C65D8A-5CE3-49E9-9B82-534140D7A92D}"
EndProject
Global
	GlobalSection(SolutionConfigurationPlatforms) = preSolution
		Debug|Any CPU = Debug|Any CPU
		Release|Any CPU = Release|Any CPU
	EndGlobalSection
	GlobalSection(ProjectConfigurationPlatforms) = postSolution
		{38C65D8A-5CE3-49E9-9B82-534140D7A92D}.Debug|Any CPU.ActiveCfg = Debug|Any CPU
		{38C65D8A-5CE3-49E9-9B82-534140D7A92D}.Debug|Any CPU.Build.0 = Debug|Any CPU
		{38C65D8A-5CE3-49E9-9B82-534140D7A92D}.Release|Any CPU.ActiveCfg = Release|Any CPU
		{38C65D8A-5CE3-49E9-9B82-534140D7A92D}.Release|Any CPU.Build.0 = Release|Any CPU
	EndGlobalSection
	GlobalSection(SolutionProperties) = preSolution
		HideSolutionNode = FALSE
	EndGlobalSection
	GlobalSection(ExtensibilityGlobals) = postSolution
		SolutionGuid = {7BA6944C-0F5A-4686-9AA8-2E86809BC1E2}
	EndGlobalSection
EndGlobal
